
Microsoft Visual Studio Solution File, Format Version 12.00
# Visual Studio 15
VisualStudioVersion = 15.0.28307.1800
MinimumVisualStudioVersion = 10.0.40219.1
Project("{E24C65DC-7377-472B-9ABA-BC803B73C61A}") = "SCADA", "SCADA\", "{B411E18A-7A06-466F-BF2A-76CA55C24CFE}"
	ProjectSection(WebsiteProperties) = preProject
		TargetFrameworkMoniker = ".NETFramework,Version%3Dv4.6.1"
		Debug.AspNetCompiler.VirtualPath = "/localhost_51786"
		Debug.AspNetCompiler.PhysicalPath = "SCADA\"
		Debug.AspNetCompiler.TargetPath = "PrecompiledWeb\localhost_51786\"
		Debug.AspNetCompiler.Updateable = "true"
		Debug.AspNetCompiler.ForceOverwrite = "true"
		Debug.AspNetCompiler.FixedNames = "false"
		Debug.AspNetCompiler.Debug = "True"
		Release.AspNetCompiler.VirtualPath = "/localhost_51786"
		Release.AspNetCompiler.PhysicalPath = "SCADA\"
		Release.AspNetCompiler.TargetPath = "PrecompiledWeb\localhost_51786\"
		Release.AspNetCompiler.Updateable = "true"
		Release.AspNetCompiler.ForceOverwrite = "true"
		Release.AspNetCompiler.FixedNames = "false"
		Release.AspNetCompiler.Debug = "False"
		VWDPort = "51786"
		SlnRelativePath = "SCADA\"
		DefaultWebSiteLanguage = "Visual C#"
	EndProjectSection
EndProject
Global
	GlobalSection(SolutionConfigurationPlatforms) = preSolution
		Debug|Any CPU = Debug|Any CPU
		Release|Any CPU = Release|Any CPU
	EndGlobalSection
	GlobalSection(ProjectConfigurationPlatforms) = postSolution
		{B411E18A-7A06-466F-BF2A-76CA55C24CFE}.Debug|Any CPU.ActiveCfg = Debug|Any CPU
		{B411E18A-7A06-466F-BF2A-76CA55C24CFE}.Debug|Any CPU.Build.0 = Debug|Any CPU
		{B411E18A-7A06-466F-BF2A-76CA55C24CFE}.Release|Any CPU.ActiveCfg = Debug|Any CPU
		{B411E18A-7A06-466F-BF2A-76CA55C24CFE}.Release|Any CPU.Build.0 = Debug|Any CPU
	EndGlobalSection
	GlobalSection(SolutionProperties) = preSolution
		HideSolutionNode = FALSE
	EndGlobalSection
	GlobalSection(ExtensibilityGlobals) = postSolution
		SolutionGuid = {C724F200-6C07-495D-A090-06D2DD42CC9F}
	EndGlobalSection
EndGlobal
