
Microsoft Visual Studio Solution File, Format Version 12.00
# Visual Studio Version 17
VisualStudioVersion = 17.5.002.0
MinimumVisualStudioVersion = 10.0.40219.1
Project("{9A19103F-16F7-4668-BE54-9A1E7A4F7556}") = "Final", "Final\Final.csproj", "{2D1F4251-0526-40D7-B41A-D80A57D905F0}"
EndProject
Project("{9A19103F-16F7-4668-BE54-9A1E7A4F7556}") = "Starter", "Starter\Starter.csproj", "{306290E0-37BC-4E8D-A98F-5867E61FC00E}"
EndProject
Global
	GlobalSection(SolutionConfigurationPlatforms) = preSolution
		Debug|Any CPU = Debug|Any CPU
		Release|Any CPU = Release|Any CPU
	EndGlobalSection
	GlobalSection(ProjectConfigurationPlatforms) = postSolution
		{2D1F4251-0526-40D7-B41A-D80A57D905F0}.Debug|Any CPU.ActiveCfg = Debug|Any CPU
		{2D1F4251-0526-40D7-B41A-D80A57D905F0}.Debug|Any CPU.Build.0 = Debug|Any CPU
		{2D1F4251-0526-40D7-B41A-D80A57D905F0}.Release|Any CPU.ActiveCfg = Release|Any CPU
		{2D1F4251-0526-40D7-B41A-D80A57D905F0}.Release|Any CPU.Build.0 = Release|Any CPU
		{306290E0-37BC-4E8D-A98F-5867E61FC00E}.Debug|Any CPU.ActiveCfg = Debug|Any CPU
		{306290E0-37BC-4E8D-A98F-5867E61FC00E}.Debug|Any CPU.Build.0 = Debug|Any CPU
		{306290E0-37BC-4E8D-A98F-5867E61FC00E}.Release|Any CPU.ActiveCfg = Release|Any CPU
		{306290E0-37BC-4E8D-A98F-5867E61FC00E}.Release|Any CPU.Build.0 = Release|Any CPU
	EndGlobalSection
	GlobalSection(SolutionProperties) = preSolution
		HideSolutionNode = FALSE
	EndGlobalSection
	GlobalSection(ExtensibilityGlobals) = postSolution
		SolutionGuid = {814B66EB-362D-4CD9-9E59-D06711706798}
	EndGlobalSection
EndGlobal
