
Microsoft Visual Studio Solution File, Format Version 12.00
# Visual Studio Version 17
VisualStudioVersion = 17.5.002.0
MinimumVisualStudioVersion = 10.0.40219.1
Project("{9A19103F-16F7-4668-BE54-9A1E7A4F7556}") = "Debug101", "Debug101.csproj", "{5A96A342-1093-4708-9267-900018CA2A0B}"
EndProject
Global
	GlobalSection(SolutionConfigurationPlatforms) = preSolution
		Debug|Any CPU = Debug|Any CPU
		Release|Any CPU = Release|Any CPU
	EndGlobalSection
	GlobalSection(ProjectConfigurationPlatforms) = postSolution
		{5A96A342-1093-4708-9267-900018CA2A0B}.Debug|Any CPU.ActiveCfg = Debug|Any CPU
		{5A96A342-1093-4708-9267-900018CA2A0B}.Debug|Any CPU.Build.0 = Debug|Any CPU
		{5A96A342-1093-4708-9267-900018CA2A0B}.Release|Any CPU.ActiveCfg = Release|Any CPU
		{5A96A342-1093-4708-9267-900018CA2A0B}.Release|Any CPU.Build.0 = Release|Any CPU
	EndGlobalSection
	GlobalSection(SolutionProperties) = preSolution
		HideSolutionNode = FALSE
	EndGlobalSection
	GlobalSection(ExtensibilityGlobals) = postSolution
		SolutionGuid = {A162FF50-6998-41BB-94E9-841AEFEBB171}
	EndGlobalSection
EndGlobal
