
Microsoft Visual Studio Solution File, Format Version 12.00
# Visual Studio Version 17
VisualStudioVersion = 17.5.002.0
MinimumVisualStudioVersion = 10.0.40219.1
Project("{9A19103F-16F7-4668-BE54-9A1E7A4F7556}") = "Explorestringinterpolation", "Explorestringinterpolation.csproj", "{D7201AD4-847C-4C71-981F-B964EB76A692}"
EndProject
Global
	GlobalSection(SolutionConfigurationPlatforms) = preSolution
		Debug|Any CPU = Debug|Any CPU
		Release|Any CPU = Release|Any CPU
	EndGlobalSection
	GlobalSection(ProjectConfigurationPlatforms) = postSolution
		{D7201AD4-847C-4C71-981F-B964EB76A692}.Debug|Any CPU.ActiveCfg = Debug|Any CPU
		{D7201AD4-847C-4C71-981F-B964EB76A692}.Debug|Any CPU.Build.0 = Debug|Any CPU
		{D7201AD4-847C-4C71-981F-B964EB76A692}.Release|Any CPU.ActiveCfg = Release|Any CPU
		{D7201AD4-847C-4C71-981F-B964EB76A692}.Release|Any CPU.Build.0 = Release|Any CPU
	EndGlobalSection
	GlobalSection(SolutionProperties) = preSolution
		HideSolutionNode = FALSE
	EndGlobalSection
	GlobalSection(ExtensibilityGlobals) = postSolution
		SolutionGuid = {F1CD04C6-746C-4FDE-A068-505D84389612}
	EndGlobalSection
EndGlobal
