
Microsoft Visual Studio Solution File, Format Version 12.00
# Visual Studio Version 17
VisualStudioVersion = 17.5.002.0
MinimumVisualStudioVersion = 10.0.40219.1
Project("{9A19103F-16F7-4668-BE54-9A1E7A4F7556}") = "Final", "Final\Final.csproj", "{251BC3CE-F081-4030-8643-7C68F1F92F40}"
EndProject
Project("{9A19103F-16F7-4668-BE54-9A1E7A4F7556}") = "Starter", "Starter\Starter.csproj", "{6EFD4242-C1A1-41B0-9965-959F02508C48}"
EndProject
Global
	GlobalSection(SolutionConfigurationPlatforms) = preSolution
		Debug|Any CPU = Debug|Any CPU
		Release|Any CPU = Release|Any CPU
	EndGlobalSection
	GlobalSection(ProjectConfigurationPlatforms) = postSolution
		{251BC3CE-F081-4030-8643-7C68F1F92F40}.Debug|Any CPU.ActiveCfg = Debug|Any CPU
		{251BC3CE-F081-4030-8643-7C68F1F92F40}.Debug|Any CPU.Build.0 = Debug|Any CPU
		{251BC3CE-F081-4030-8643-7C68F1F92F40}.Release|Any CPU.ActiveCfg = Release|Any CPU
		{251BC3CE-F081-4030-8643-7C68F1F92F40}.Release|Any CPU.Build.0 = Release|Any CPU
		{6EFD4242-C1A1-41B0-9965-959F02508C48}.Debug|Any CPU.ActiveCfg = Debug|Any CPU
		{6EFD4242-C1A1-41B0-9965-959F02508C48}.Debug|Any CPU.Build.0 = Debug|Any CPU
		{6EFD4242-C1A1-41B0-9965-959F02508C48}.Release|Any CPU.ActiveCfg = Release|Any CPU
		{6EFD4242-C1A1-41B0-9965-959F02508C48}.Release|Any CPU.Build.0 = Release|Any CPU
	EndGlobalSection
	GlobalSection(SolutionProperties) = preSolution
		HideSolutionNode = FALSE
	EndGlobalSection
	GlobalSection(ExtensibilityGlobals) = postSolution
		SolutionGuid = {3F7A703F-AF83-456C-BCD0-C842B93F794D}
	EndGlobalSection
EndGlobal
